
Microsoft Visual Studio Solution File, Format Version 12.00
# Visual Studio Version 16
VisualStudioVersion = 16.0.30406.217
MinimumVisualStudioVersion = 10.0.40219.1
Project("{2150E333-8FDC-42A3-9474-1A3956D46DE8}") = "动态规划", "动态规划", "{20B80338-5E3B-44EB-B3AB-6F0CD8AC8619}"
EndProject
Project("{8BC9CEB8-8B4A-11D0-8D11-00A0C91BC942}") = "格雷编码", "动态规划\格雷编码\格雷编码.vcxproj", "{24788424-9FB8-4219-B757-30EDCABDD9A1}"
EndProject
Project("{8BC9CEB8-8B4A-11D0-8D11-00A0C91BC942}") = "通配符匹配", "动态规划\通配符匹配\通配符匹配.vcxproj", "{2CFBC3F7-088E-4079-BEB3-C98D5E814666}"
EndProject
Project("{8BC9CEB8-8B4A-11D0-8D11-00A0C91BC942}") = "把数字翻译成字符串", "动态规划\把数字翻译成字符串\把数字翻译成字符串.vcxproj", "{31F56DB6-AC1A-463A-8C90-0D6F1D65C5A2}"
EndProject
Project("{2150E333-8FDC-42A3-9474-1A3956D46DE8}") = "common", "common", "{D7BEE5F6-4DB2-4E10-9AE2-E76231A70F8A}"
	ProjectSection(SolutionItems) = preProject
		common\common.h = common\common.h
	EndProjectSection
EndProject
Global
	GlobalSection(SolutionConfigurationPlatforms) = preSolution
		Debug|x64 = Debug|x64
		Debug|x86 = Debug|x86
		Release|x64 = Release|x64
		Release|x86 = Release|x86
	EndGlobalSection
	GlobalSection(ProjectConfigurationPlatforms) = postSolution
		{24788424-9FB8-4219-B757-30EDCABDD9A1}.Debug|x64.ActiveCfg = Debug|x64
		{24788424-9FB8-4219-B757-30EDCABDD9A1}.Debug|x64.Build.0 = Debug|x64
		{24788424-9FB8-4219-B757-30EDCABDD9A1}.Debug|x86.ActiveCfg = Debug|Win32
		{24788424-9FB8-4219-B757-30EDCABDD9A1}.Debug|x86.Build.0 = Debug|Win32
		{24788424-9FB8-4219-B757-30EDCABDD9A1}.Release|x64.ActiveCfg = Release|x64
		{24788424-9FB8-4219-B757-30EDCABDD9A1}.Release|x64.Build.0 = Release|x64
		{24788424-9FB8-4219-B757-30EDCABDD9A1}.Release|x86.ActiveCfg = Release|Win32
		{24788424-9FB8-4219-B757-30EDCABDD9A1}.Release|x86.Build.0 = Release|Win32
		{2CFBC3F7-088E-4079-BEB3-C98D5E814666}.Debug|x64.ActiveCfg = Debug|x64
		{2CFBC3F7-088E-4079-BEB3-C98D5E814666}.Debug|x64.Build.0 = Debug|x64
		{2CFBC3F7-088E-4079-BEB3-C98D5E814666}.Debug|x86.ActiveCfg = Debug|Win32
		{2CFBC3F7-088E-4079-BEB3-C98D5E814666}.Debug|x86.Build.0 = Debug|Win32
		{2CFBC3F7-088E-4079-BEB3-C98D5E814666}.Release|x64.ActiveCfg = Release|x64
		{2CFBC3F7-088E-4079-BEB3-C98D5E814666}.Release|x64.Build.0 = Release|x64
		{2CFBC3F7-088E-4079-BEB3-C98D5E814666}.Release|x86.ActiveCfg = Release|Win32
		{2CFBC3F7-088E-4079-BEB3-C98D5E814666}.Release|x86.Build.0 = Release|Win32
		{31F56DB6-AC1A-463A-8C90-0D6F1D65C5A2}.Debug|x64.ActiveCfg = Debug|x64
		{31F56DB6-AC1A-463A-8C90-0D6F1D65C5A2}.Debug|x64.Build.0 = Debug|x64
		{31F56DB6-AC1A-463A-8C90-0D6F1D65C5A2}.Debug|x86.ActiveCfg = Debug|Win32
		{31F56DB6-AC1A-463A-8C90-0D6F1D65C5A2}.Debug|x86.Build.0 = Debug|Win32
		{31F56DB6-AC1A-463A-8C90-0D6F1D65C5A2}.Release|x64.ActiveCfg = Release|x64
		{31F56DB6-AC1A-463A-8C90-0D6F1D65C5A2}.Release|x64.Build.0 = Release|x64
		{31F56DB6-AC1A-463A-8C90-0D6F1D65C5A2}.Release|x86.ActiveCfg = Release|Win32
		{31F56DB6-AC1A-463A-8C90-0D6F1D65C5A2}.Release|x86.Build.0 = Release|Win32
	EndGlobalSection
	GlobalSection(SolutionProperties) = preSolution
		HideSolutionNode = FALSE
	EndGlobalSection
	GlobalSection(NestedProjects) = preSolution
		{24788424-9FB8-4219-B757-30EDCABDD9A1} = {20B80338-5E3B-44EB-B3AB-6F0CD8AC8619}
		{2CFBC3F7-088E-4079-BEB3-C98D5E814666} = {20B80338-5E3B-44EB-B3AB-6F0CD8AC8619}
		{31F56DB6-AC1A-463A-8C90-0D6F1D65C5A2} = {20B80338-5E3B-44EB-B3AB-6F0CD8AC8619}
	EndGlobalSection
	GlobalSection(ExtensibilityGlobals) = postSolution
		SolutionGuid = {14897865-89D6-48C5-B062-C4B642A0B090}
	EndGlobalSection
EndGlobal
